# This file was autogenerated by uv via the following command:
#    uv pip compile pyproject.toml --generate-hashes --python-version 3.11 --python-platform aarch64-apple-darwin -o requirements-macos-arm64.lock
packaging==26.3 \
    --hash=sha256:94edc256424af38762eb31306eed28beb9f0efc50a8837492c9d6fd6004aed79 \
    --hash=sha256:d7193f7c8e4e93f444fde0262bf90af30e16fa0ad0ad44cb553c87339b23cd1c
    # via stuff-downloader (pyproject.toml)
psutil==7.2.2 \
    --hash=sha256:0746f5f8d406af344fd547f1c8daa5f5c33dbc293bb8d6a16d80b4bb88f59372 \
    --hash=sha256:076a2d2f923fd4821644f5ba89f059523da90dc9014e85f8e45a5774ca5bc6f9 \
    --hash=sha256:11fe5a4f613759764e79c65cf11ebdf26e33d6dd34336f8a337aa2996d71c841 \
    --hash=sha256:1a571f2330c966c62aeda00dd24620425d4b0cc86881c89861fbc04549e5dc63 \
    --hash=sha256:1a7b04c10f32cc88ab39cbf606e117fd74721c831c98a27dc04578deb0c16979 \
    --hash=sha256:1fa4ecf83bcdf6e6c8f4449aff98eefb5d0604bf88cb883d7da3d8d2d909546a \
    --hash=sha256:2edccc433cbfa046b980b0df0171cd25bcaeb3a68fe9022db0979e7aa74a826b \
    --hash=sha256:7b6d09433a10592ce39b13d7be5a54fbac1d1228ed29abc880fb23df7cb694c9 \
    --hash=sha256:8c233660f575a5a89e6d4cb65d9f938126312bca76d8fe087b947b3a1aaac9ee \
    --hash=sha256:917e891983ca3c1887b4ef36447b1e0873e70c933afc831c6b6da078ba474312 \
    --hash=sha256:ab486563df44c17f5173621c7b198955bd6b613fb87c71c161f827d3fb149a9b \
    --hash=sha256:ae0aefdd8796a7737eccea863f80f81e468a1e4cf14d926bd9b6f5f2d5f90ca9 \
    --hash=sha256:b0726cecd84f9474419d67252add4ac0cd9811b04d61123054b9fb6f57df6e9e \
    --hash=sha256:b58fabe35e80b264a4e3bb23e6b96f9e45a3df7fb7eed419ac0e5947c61e47cc \
    --hash=sha256:c7663d4e37f13e884d13994247449e9f8f574bc4655d509c3b95e9ec9e2b9dc1 \
    --hash=sha256:e452c464a02e7dc7822a05d25db4cde564444a67e58539a00f929c51eddda0cf \
    --hash=sha256:e78c8603dcd9a04c7364f1a3e670cea95d51ee865e4efb3556a3a63adef958ea \
    --hash=sha256:eb7e81434c8d223ec4a219b5fc1c47d0417b12be7ea866e24fb5ad6e84b3d988 \
    --hash=sha256:ed0cace939114f62738d808fdcecd4c869222507e266e574799e9c0faa17d486 \
    --hash=sha256:eed63d3b4d62449571547b60578c5b2c4bcccc5387148db46e0c2313dad0ee00 \
    --hash=sha256:fd04ef36b4a6d599bbdb225dd1d3f51e00105f6d48a28f006da7f9822f2606d8
    # via stuff-downloader (pyproject.toml)
pyqt6==6.11.0 \
    --hash=sha256:0734959955adde095af9a074213a7f73386d1bbbddfc27346b4c0621641a692e \
    --hash=sha256:45dd60aa69976de1918b5ced6b4e7b6a25abd2a919ecef5fd5826ecc76718889 \
    --hash=sha256:8555277989fa7d114cb3c3443fd261d566909f7268ceedd41d93a5f02d37ec05 \
    --hash=sha256:b6324e3501b19b4292c7a55b1f22e82d3e80e519e383ce4fe79b4a754c6f0288 \
    --hash=sha256:bd11b459c54dca068e988a42cf838303334f0d441b9d16d92ae6719fcb5ac6ba \
    --hash=sha256:f7100bc7f72b12581ec479a733f4ad11b8002668e6786e8a445ab6f4d1c743d4
    # via stuff-downloader (pyproject.toml)
pyqt6-qt6==6.11.2 \
    --hash=sha256:2c38ee8b797c0d7f327afef4cfbb97c73676954ef2d1d503779d62c982bf5a66 \
    --hash=sha256:4b424ed1babbef07133eb2a4174c56c848d518767bca8e759aca2c8c9c313636 \
    --hash=sha256:4f21ff2ffaacfb8a8df6ab1d619d0da7aa4e808e86f41b6daa1a7bff9c0d6eab \
    --hash=sha256:6a4372baa674ca91de5caf31f241b0660fd3da90fe27fefed9a7a459e630ea89 \
    --hash=sha256:8c49432936681f325f2925f20ceef35b8fb7599e0c3e63e76d6e50397354ee1f \
    --hash=sha256:da7d747ad917f044d841ff834f17d2c50a0cc5d0e3b16479d8662544207d0567
    # via pyqt6
pyqt6-sip==13.12.0 \
    --hash=sha256:00f670fbebf811a835257353d1facc8da6e33951d904865d172e0d46d12fc898 \
    --hash=sha256:0874073287e6d5b900768b95fca3f0ea23209c1bef5321bb2422f5dca455a899 \
    --hash=sha256:109ba8a7e3621e27a09a8086d54346a8a9f70ea3470d7530c60cdd697604a966 \
    --hash=sha256:2431eef7617f7cd26d22789178a57a688ddbca814fd5215fbe577f4bf45569b8 \
    --hash=sha256:24e9e5a7fcac6a957f74d136cc44f52d6c526d50ed9a5f9be980fe3a4f1edec1 \
    --hash=sha256:30798c3fc22682a42ad0097f85c92f8ef4393b69b3fc407eb447be3049d7cbad \
    --hash=sha256:309a69feb94dfc0bec7e224055db376b157ce6d88b94eb4076d2e913b4c62b47 \
    --hash=sha256:3476132fc5c85d7136eb14cb7d9e1909e9f5ee94a85d892e4ac244990ba541b3 \
    --hash=sha256:51352451de3a02ca5476c4248553550385a5df0c4e8a01efbef923fbdaddd79f \
    --hash=sha256:543b9b210ca4278ee510f938d4b3d696b587b2b223c6cd1ba819c3cef3b67ea5 \
    --hash=sha256:5b5610a21401dbf97eaa82a2d35e727d3269ef370f299a892ff154f4b6f338ca \
    --hash=sha256:61faaad2a4c5dc08e8b0abbae34a66f035c921cf085ae53f67a3ddcfec1d0f22 \
    --hash=sha256:6815e719d1fd4c71c0d3ed85e7e91b615959d949dac7af6e3f11a29a3a565676 \
    --hash=sha256:80bfce3924414c2d3d293851cf0b12a29f4ad5c8dab5450fa817385f540eb633 \
    --hash=sha256:8427e9bdf03539b077c962b764dce98f2264a51a09879fe14cda7acdc1ba05eb \
    --hash=sha256:84b5df633e3c7bc5faaec18b71f45d297002ee258350f823648b6f447763524c \
    --hash=sha256:85ac64530f6e7362a853fea1ce50e91f026cb87b411abe7a9efe4edb844458fa \
    --hash=sha256:9717fc4271e5d71e1cecadbb3340c3990ea9d58923fbf076b70cf8bc0f339639 \
    --hash=sha256:99a9016b9f6f23e4446703ba2c2271b35a3ff2fd5115e607b9fac675774abea9 \
    --hash=sha256:a7ad45c1e3cec3a2473d37ea9870b6c3baeccc560298623c8eb59265714c06e2 \
    --hash=sha256:beeebe34fdb4d2997310f60a618e332a7097db4f52ae970f5f0a6b8e7105cb18 \
    --hash=sha256:c06cc966110ba47c225adeea6c848654c319943a2f826f4f47b0bd79dfe448dd \
    --hash=sha256:d09f10eee29c75dc255797096d29e576a9bf15813ece4c9376bc26dbef1b18a8 \
    --hash=sha256:df6b797f34ea7c5d58976ddf88d5d2c72e2826f793f47e009472a2b691afa008 \
    --hash=sha256:fc40cda618f13e291e35271f29250b55b9b362755f6e22357d244fcbacd18e6c
    # via pyqt6
